
Microsoft Visual Studio Solution File, Format Version 11.00
# Visual Studio 2010
Project("{FAE04EC0-301F-11D3-BF4B-00C04F79EFBC}") = "Assembly-CSharp", "Assembly-CSharp.csproj", "{19554c6e-c524-3685-b646-47e3e054d26a}"
EndProject
Project("{FAE04EC0-301F-11D3-BF4B-00C04F79EFBC}") = "Assembly-CSharp-firstpass", "Assembly-CSharp-firstpass.csproj", "{e76eb0e7-3267-5e10-b5e4-53e245ee490b}"
EndProject
Project("{FAE04EC0-301F-11D3-BF4B-00C04F79EFBC}") = "Assembly-CSharp-Editor-firstpass", "Assembly-CSharp-Editor-firstpass.csproj", "{f1c5902f-3030-b342-6e88-0dd1c2e0d8fe}"
EndProject
Global
	GlobalSection(SolutionConfigurationPlatforms) = preSolution
		Debug|Any CPU = Debug|Any CPU
	EndGlobalSection
	GlobalSection(ProjectConfigurationPlatforms) = postSolution
		{19554c6e-c524-3685-b646-47e3e054d26a}.Debug|Any CPU.ActiveCfg = Debug|Any CPU
		{19554c6e-c524-3685-b646-47e3e054d26a}.Debug|Any CPU.Build.0 = Debug|Any CPU
		{e76eb0e7-3267-5e10-b5e4-53e245ee490b}.Debug|Any CPU.ActiveCfg = Debug|Any CPU
		{e76eb0e7-3267-5e10-b5e4-53e245ee490b}.Debug|Any CPU.Build.0 = Debug|Any CPU
		{f1c5902f-3030-b342-6e88-0dd1c2e0d8fe}.Debug|Any CPU.ActiveCfg = Debug|Any CPU
		{f1c5902f-3030-b342-6e88-0dd1c2e0d8fe}.Debug|Any CPU.Build.0 = Debug|Any CPU
	EndGlobalSection
	GlobalSection(SolutionProperties) = preSolution
		HideSolutionNode = FALSE
	EndGlobalSection
EndGlobal
